
Microsoft Visual Studio Solution File, Format Version 12.00
# Visual Studio Version 16
VisualStudioVersion = 16.6.30114.105
MinimumVisualStudioVersion = 10.0.40219.1
Project("{9A19103F-16F7-4668-BE54-9A1E7A4F7556}") = "CoreWebApp.Web", "CoreWebApp.Web\CoreWebApp.Web.csproj", "{589A0F40-71B0-4B17-96D1-6A34F5691D08}"
EndProject
Project("{9A19103F-16F7-4668-BE54-9A1E7A4F7556}") = "ScrumBoard.Data", "ScrumBoard.Data\ScrumBoard.Data.csproj", "{DB968DCD-1A28-4C36-B0F6-D1798B392AE5}"
EndProject
Project("{9A19103F-16F7-4668-BE54-9A1E7A4F7556}") = "ScrumBoard.Services", "ScrumBoard.Services\ScrumBoard.Services.csproj", "{72C1B76C-ABEC-43BF-8C08-F7F9A53ABF0B}"
EndProject
Global
	GlobalSection(SolutionConfigurationPlatforms) = preSolution
		Debug|Any CPU = Debug|Any CPU
		Debug|x64 = Debug|x64
		Debug|x86 = Debug|x86
		Release|Any CPU = Release|Any CPU
		Release|x64 = Release|x64
		Release|x86 = Release|x86
	EndGlobalSection
	GlobalSection(ProjectConfigurationPlatforms) = postSolution
		{589A0F40-71B0-4B17-96D1-6A34F5691D08}.Debug|Any CPU.ActiveCfg = Debug|Any CPU
		{589A0F40-71B0-4B17-96D1-6A34F5691D08}.Debug|Any CPU.Build.0 = Debug|Any CPU
		{589A0F40-71B0-4B17-96D1-6A34F5691D08}.Debug|x64.ActiveCfg = Debug|Any CPU
		{589A0F40-71B0-4B17-96D1-6A34F5691D08}.Debug|x64.Build.0 = Debug|Any CPU
		{589A0F40-71B0-4B17-96D1-6A34F5691D08}.Debug|x86.ActiveCfg = Debug|Any CPU
		{589A0F40-71B0-4B17-96D1-6A34F5691D08}.Debug|x86.Build.0 = Debug|Any CPU
		{589A0F40-71B0-4B17-96D1-6A34F5691D08}.Release|Any CPU.ActiveCfg = Release|Any CPU
		{589A0F40-71B0-4B17-96D1-6A34F5691D08}.Release|Any CPU.Build.0 = Release|Any CPU
		{589A0F40-71B0-4B17-96D1-6A34F5691D08}.Release|x64.ActiveCfg = Release|Any CPU
		{589A0F40-71B0-4B17-96D1-6A34F5691D08}.Release|x64.Build.0 = Release|Any CPU
		{589A0F40-71B0-4B17-96D1-6A34F5691D08}.Release|x86.ActiveCfg = Release|Any CPU
		{589A0F40-71B0-4B17-96D1-6A34F5691D08}.Release|x86.Build.0 = Release|Any CPU
		{DB968DCD-1A28-4C36-B0F6-D1798B392AE5}.Debug|Any CPU.ActiveCfg = Debug|Any CPU
		{DB968DCD-1A28-4C36-B0F6-D1798B392AE5}.Debug|Any CPU.Build.0 = Debug|Any CPU
		{DB968DCD-1A28-4C36-B0F6-D1798B392AE5}.Debug|x64.ActiveCfg = Debug|Any CPU
		{DB968DCD-1A28-4C36-B0F6-D1798B392AE5}.Debug|x64.Build.0 = Debug|Any CPU
		{DB968DCD-1A28-4C36-B0F6-D1798B392AE5}.Debug|x86.ActiveCfg = Debug|Any CPU
		{DB968DCD-1A28-4C36-B0F6-D1798B392AE5}.Debug|x86.Build.0 = Debug|Any CPU
		{DB968DCD-1A28-4C36-B0F6-D1798B392AE5}.Release|Any CPU.ActiveCfg = Release|Any CPU
		{DB968DCD-1A28-4C36-B0F6-D1798B392AE5}.Release|Any CPU.Build.0 = Release|Any CPU
		{DB968DCD-1A28-4C36-B0F6-D1798B392AE5}.Release|x64.ActiveCfg = Release|Any CPU
		{DB968DCD-1A28-4C36-B0F6-D1798B392AE5}.Release|x64.Build.0 = Release|Any CPU
		{DB968DCD-1A28-4C36-B0F6-D1798B392AE5}.Release|x86.ActiveCfg = Release|Any CPU
		{DB968DCD-1A28-4C36-B0F6-D1798B392AE5}.Release|x86.Build.0 = Release|Any CPU
		{72C1B76C-ABEC-43BF-8C08-F7F9A53ABF0B}.Debug|Any CPU.ActiveCfg = Debug|Any CPU
		{72C1B76C-ABEC-43BF-8C08-F7F9A53ABF0B}.Debug|Any CPU.Build.0 = Debug|Any CPU
		{72C1B76C-ABEC-43BF-8C08-F7F9A53ABF0B}.Debug|x64.ActiveCfg = Debug|Any CPU
		{72C1B76C-ABEC-43BF-8C08-F7F9A53ABF0B}.Debug|x64.Build.0 = Debug|Any CPU
		{72C1B76C-ABEC-43BF-8C08-F7F9A53ABF0B}.Debug|x86.ActiveCfg = Debug|Any CPU
		{72C1B76C-ABEC-43BF-8C08-F7F9A53ABF0B}.Debug|x86.Build.0 = Debug|Any CPU
		{72C1B76C-ABEC-43BF-8C08-F7F9A53ABF0B}.Release|Any CPU.ActiveCfg = Release|Any CPU
		{72C1B76C-ABEC-43BF-8C08-F7F9A53ABF0B}.Release|Any CPU.Build.0 = Release|Any CPU
		{72C1B76C-ABEC-43BF-8C08-F7F9A53ABF0B}.Release|x64.ActiveCfg = Release|Any CPU
		{72C1B76C-ABEC-43BF-8C08-F7F9A53ABF0B}.Release|x64.Build.0 = Release|Any CPU
		{72C1B76C-ABEC-43BF-8C08-F7F9A53ABF0B}.Release|x86.ActiveCfg = Release|Any CPU
		{72C1B76C-ABEC-43BF-8C08-F7F9A53ABF0B}.Release|x86.Build.0 = Release|Any CPU
	EndGlobalSection
	GlobalSection(SolutionProperties) = preSolution
		HideSolutionNode = FALSE
	EndGlobalSection
	GlobalSection(ExtensibilityGlobals) = postSolution
		SolutionGuid = {1136C519-D6BE-4C92-92FC-9D12E5F40DE8}
	EndGlobalSection
EndGlobal
